
Microsoft Visual Studio Solution File, Format Version 12.00
# Visual Studio Version 17
VisualStudioVersion = 17.8.34525.116
MinimumVisualStudioVersion = 10.0.40219.1
Project("{FAE04EC0-301F-11D3-BF4B-00C04F79EFBC}") = "TetrisWPF", "TetrisWPF\TetrisWPF.csproj", "{9E68EA5E-E535-4A23-9D36-7CE6417860D7}"
EndProject
Global
	GlobalSection(SolutionConfigurationPlatforms) = preSolution
		Debug|Any CPU = Debug|Any CPU
		Release|Any CPU = Release|Any CPU
	EndGlobalSection
	GlobalSection(ProjectConfigurationPlatforms) = postSolution
		{9E68EA5E-E535-4A23-9D36-7CE6417860D7}.Debug|Any CPU.ActiveCfg = Debug|Any CPU
		{9E68EA5E-E535-4A23-9D36-7CE6417860D7}.Debug|Any CPU.Build.0 = Debug|Any CPU
		{9E68EA5E-E535-4A23-9D36-7CE6417860D7}.Release|Any CPU.ActiveCfg = Release|Any CPU
		{9E68EA5E-E535-4A23-9D36-7CE6417860D7}.Release|Any CPU.Build.0 = Release|Any CPU
	EndGlobalSection
	GlobalSection(SolutionProperties) = preSolution
		HideSolutionNode = FALSE
	EndGlobalSection
	GlobalSection(ExtensibilityGlobals) = postSolution
		SolutionGuid = {A34CC84C-D913-4592-85A4-F687A07B7386}
	EndGlobalSection
EndGlobal
